
Microsoft Visual Studio Solution File, Format Version 12.00
# Visual Studio 15
VisualStudioVersion = 15.0.27130.2027
MinimumVisualStudioVersion = 10.0.40219.1
Project("{2150E333-8FDC-42A3-9474-1A3956D46DE8}") = "Shared", "Shared", "{DAC36BDC-AB62-4BCE-9DD1-224A8201AAC1}"
EndProject
Project("{2150E333-8FDC-42A3-9474-1A3956D46DE8}") = "NonCluster", "NonCluster", "{4B09A2A9-932D-4CD7-95AC-0247E0763916}"
EndProject
Project("{9A19103F-16F7-4668-BE54-9A1E7A4F7556}") = "ClientConsoleNonCluster", "NonCluster\ClientConsoleNonCluster\ClientConsoleNonCluster.csproj", "{6AED643A-DB14-43FC-9B62-B2197F142E63}"
EndProject
Project("{9A19103F-16F7-4668-BE54-9A1E7A4F7556}") = "ClientWebNonCluster", "NonCluster\ClientWebNonCluster\ClientWebNonCluster.csproj", "{B10FFE18-A460-49CB-9AD9-8C4A8BA23D94}"
EndProject
Project("{2150E333-8FDC-42A3-9474-1A3956D46DE8}") = "Microservices", "Microservices", "{EAA0F50D-B38D-4576-AAEB-93440DA5BB29}"
EndProject
Project("{9A19103F-16F7-4668-BE54-9A1E7A4F7556}") = "Lighthouse", "Microservices\Lighthouse\Lighthouse.csproj", "{87BE1ABF-1F59-41AB-A3CB-4B1E7E0B218A}"
EndProject
Project("{9A19103F-16F7-4668-BE54-9A1E7A4F7556}") = "RecommendationService", "Microservices\RecommendationService\RecommendationService.csproj", "{A6D42A4B-0414-4C43-8082-90EE31B0DC5F}"
EndProject
Project("{9A19103F-16F7-4668-BE54-9A1E7A4F7556}") = "MovieRepoService", "Microservices\MovieRepoService\MovieRepoService.csproj", "{4421A527-97F2-47F0-BEE6-A1E5C2E08091}"
EndProject
Project("{2150E333-8FDC-42A3-9474-1A3956D46DE8}") = "Cluster", "Cluster", "{A6CD3A3B-7659-4849-9AA8-9BFD0D022C5F}"
EndProject
Project("{FAE04EC0-301F-11D3-BF4B-00C04F79EFBC}") = "ClientWebCluster", "Cluster\ClientWebCluster\ClientWebCluster.csproj", "{EBE5E2C9-7051-4F9B-B068-54C6631C49D7}"
EndProject
Project("{9A19103F-16F7-4668-BE54-9A1E7A4F7556}") = "ApiService", "Microservices\ApiService\ApiService.csproj", "{802FD7AE-BFDE-4473-BA13-FB2CEDAAA260}"
EndProject
Project("{9A19103F-16F7-4668-BE54-9A1E7A4F7556}") = "Actors", "Shared\Actors\Actors.csproj", "{45C47E38-32D7-4D14-984E-65CEBB57A9B8}"
EndProject
Global
	GlobalSection(SolutionConfigurationPlatforms) = preSolution
		Debug|Any CPU = Debug|Any CPU
		Release|Any CPU = Release|Any CPU
	EndGlobalSection
	GlobalSection(ProjectConfigurationPlatforms) = postSolution
		{6AED643A-DB14-43FC-9B62-B2197F142E63}.Debug|Any CPU.ActiveCfg = Debug|Any CPU
		{6AED643A-DB14-43FC-9B62-B2197F142E63}.Debug|Any CPU.Build.0 = Debug|Any CPU
		{6AED643A-DB14-43FC-9B62-B2197F142E63}.Release|Any CPU.ActiveCfg = Release|Any CPU
		{6AED643A-DB14-43FC-9B62-B2197F142E63}.Release|Any CPU.Build.0 = Release|Any CPU
		{B10FFE18-A460-49CB-9AD9-8C4A8BA23D94}.Debug|Any CPU.ActiveCfg = Debug|Any CPU
		{B10FFE18-A460-49CB-9AD9-8C4A8BA23D94}.Debug|Any CPU.Build.0 = Debug|Any CPU
		{B10FFE18-A460-49CB-9AD9-8C4A8BA23D94}.Release|Any CPU.ActiveCfg = Release|Any CPU
		{B10FFE18-A460-49CB-9AD9-8C4A8BA23D94}.Release|Any CPU.Build.0 = Release|Any CPU
		{87BE1ABF-1F59-41AB-A3CB-4B1E7E0B218A}.Debug|Any CPU.ActiveCfg = Debug|Any CPU
		{87BE1ABF-1F59-41AB-A3CB-4B1E7E0B218A}.Debug|Any CPU.Build.0 = Debug|Any CPU
		{87BE1ABF-1F59-41AB-A3CB-4B1E7E0B218A}.Release|Any CPU.ActiveCfg = Release|Any CPU
		{87BE1ABF-1F59-41AB-A3CB-4B1E7E0B218A}.Release|Any CPU.Build.0 = Release|Any CPU
		{A6D42A4B-0414-4C43-8082-90EE31B0DC5F}.Debug|Any CPU.ActiveCfg = Debug|Any CPU
		{A6D42A4B-0414-4C43-8082-90EE31B0DC5F}.Debug|Any CPU.Build.0 = Debug|Any CPU
		{A6D42A4B-0414-4C43-8082-90EE31B0DC5F}.Release|Any CPU.ActiveCfg = Release|Any CPU
		{A6D42A4B-0414-4C43-8082-90EE31B0DC5F}.Release|Any CPU.Build.0 = Release|Any CPU
		{4421A527-97F2-47F0-BEE6-A1E5C2E08091}.Debug|Any CPU.ActiveCfg = Debug|Any CPU
		{4421A527-97F2-47F0-BEE6-A1E5C2E08091}.Debug|Any CPU.Build.0 = Debug|Any CPU
		{4421A527-97F2-47F0-BEE6-A1E5C2E08091}.Release|Any CPU.ActiveCfg = Release|Any CPU
		{4421A527-97F2-47F0-BEE6-A1E5C2E08091}.Release|Any CPU.Build.0 = Release|Any CPU
		{EBE5E2C9-7051-4F9B-B068-54C6631C49D7}.Debug|Any CPU.ActiveCfg = Debug|Any CPU
		{EBE5E2C9-7051-4F9B-B068-54C6631C49D7}.Debug|Any CPU.Build.0 = Debug|Any CPU
		{EBE5E2C9-7051-4F9B-B068-54C6631C49D7}.Release|Any CPU.ActiveCfg = Release|Any CPU
		{EBE5E2C9-7051-4F9B-B068-54C6631C49D7}.Release|Any CPU.Build.0 = Release|Any CPU
		{802FD7AE-BFDE-4473-BA13-FB2CEDAAA260}.Debug|Any CPU.ActiveCfg = Debug|Any CPU
		{802FD7AE-BFDE-4473-BA13-FB2CEDAAA260}.Debug|Any CPU.Build.0 = Debug|Any CPU
		{802FD7AE-BFDE-4473-BA13-FB2CEDAAA260}.Release|Any CPU.ActiveCfg = Release|Any CPU
		{802FD7AE-BFDE-4473-BA13-FB2CEDAAA260}.Release|Any CPU.Build.0 = Release|Any CPU
		{45C47E38-32D7-4D14-984E-65CEBB57A9B8}.Debug|Any CPU.ActiveCfg = Debug|Any CPU
		{45C47E38-32D7-4D14-984E-65CEBB57A9B8}.Debug|Any CPU.Build.0 = Debug|Any CPU
		{45C47E38-32D7-4D14-984E-65CEBB57A9B8}.Release|Any CPU.ActiveCfg = Release|Any CPU
		{45C47E38-32D7-4D14-984E-65CEBB57A9B8}.Release|Any CPU.Build.0 = Release|Any CPU
	EndGlobalSection
	GlobalSection(SolutionProperties) = preSolution
		HideSolutionNode = FALSE
	EndGlobalSection
	GlobalSection(NestedProjects) = preSolution
		{6AED643A-DB14-43FC-9B62-B2197F142E63} = {4B09A2A9-932D-4CD7-95AC-0247E0763916}
		{B10FFE18-A460-49CB-9AD9-8C4A8BA23D94} = {4B09A2A9-932D-4CD7-95AC-0247E0763916}
		{87BE1ABF-1F59-41AB-A3CB-4B1E7E0B218A} = {EAA0F50D-B38D-4576-AAEB-93440DA5BB29}
		{A6D42A4B-0414-4C43-8082-90EE31B0DC5F} = {EAA0F50D-B38D-4576-AAEB-93440DA5BB29}
		{4421A527-97F2-47F0-BEE6-A1E5C2E08091} = {EAA0F50D-B38D-4576-AAEB-93440DA5BB29}
		{EBE5E2C9-7051-4F9B-B068-54C6631C49D7} = {A6CD3A3B-7659-4849-9AA8-9BFD0D022C5F}
		{802FD7AE-BFDE-4473-BA13-FB2CEDAAA260} = {EAA0F50D-B38D-4576-AAEB-93440DA5BB29}
		{45C47E38-32D7-4D14-984E-65CEBB57A9B8} = {DAC36BDC-AB62-4BCE-9DD1-224A8201AAC1}
	EndGlobalSection
	GlobalSection(ExtensibilityGlobals) = postSolution
		SolutionGuid = {A9C718CC-8215-40DA-AFC1-C9BD8C03834D}
	EndGlobalSection
EndGlobal
